{
  "originHash" : "b07a95abf908d1a9d14fc46d623523d99d91678ca64f5ee735d193badbfd85ed",
  "pins" : [
    {
      "identity" : "groceryappshareddto",
      "kind" : "remoteSourceControl",
      "location" : "https://github.com/Jayanth1573/GroceryAppSharedDTO.git",
      "state" : {
        "branch" : "main",
        "revision" : "eaf79d17a0d054fd181874c3d7e50c87143c3c89"
      }
    }
  ],
  "version" : 3
}
