{
  "originHash" : "b07a95abf908d1a9d14fc46d623523d99d91678ca64f5ee735d193badbfd85ed",
  "pins" : [
    {
      "identity" : "groceryappshareddto",
      "kind" : "remoteSourceControl",
      "location" : "https://github.com/Jayanth1573/GroceryAppSharedDTO.git",
      "state" : {
        "branch" : "main",
        "revision" : "0748787f22a4b9c8c2a1590dd6b06b212683bf4f"
      }
    }
  ],
  "version" : 3
}
